
Microsoft Visual Studio Solution File, Format Version 12.00
# Visual Studio Version 17
VisualStudioVersion = 17.0.32112.339
MinimumVisualStudioVersion = 10.0.40219.1
Project("{9A19103F-16F7-4668-BE54-9A1E7A4F7556}") = "AreasGet", "AreasGet\AreasGet.csproj", "{A4AD11D5-E429-418D-A247-B846AC5A6DBF}"
EndProject
Project("{FAE04EC0-301F-11D3-BF4B-00C04F79EFBC}") = "GeometryLibrary", "GeometryCalculator\GeometryLibrary.csproj", "{B6F6728A-9B19-48CD-8133-2C2FE48F7E79}"
EndProject
Project("{FAE04EC0-301F-11D3-BF4B-00C04F79EFBC}") = "GeometryTests", "GeometryTests\GeometryTests.csproj", "{E8B06432-D46F-4895-9C6D-390F31BF4B26}"
EndProject
Global
	GlobalSection(SolutionConfigurationPlatforms) = preSolution
		Debug|Any CPU = Debug|Any CPU
		Release|Any CPU = Release|Any CPU
	EndGlobalSection
	GlobalSection(ProjectConfigurationPlatforms) = postSolution
		{A4AD11D5-E429-418D-A247-B846AC5A6DBF}.Debug|Any CPU.ActiveCfg = Debug|Any CPU
		{A4AD11D5-E429-418D-A247-B846AC5A6DBF}.Debug|Any CPU.Build.0 = Debug|Any CPU
		{A4AD11D5-E429-418D-A247-B846AC5A6DBF}.Release|Any CPU.ActiveCfg = Release|Any CPU
		{A4AD11D5-E429-418D-A247-B846AC5A6DBF}.Release|Any CPU.Build.0 = Release|Any CPU
		{B6F6728A-9B19-48CD-8133-2C2FE48F7E79}.Debug|Any CPU.ActiveCfg = Debug|Any CPU
		{B6F6728A-9B19-48CD-8133-2C2FE48F7E79}.Debug|Any CPU.Build.0 = Debug|Any CPU
		{B6F6728A-9B19-48CD-8133-2C2FE48F7E79}.Release|Any CPU.ActiveCfg = Release|Any CPU
		{B6F6728A-9B19-48CD-8133-2C2FE48F7E79}.Release|Any CPU.Build.0 = Release|Any CPU
		{E8B06432-D46F-4895-9C6D-390F31BF4B26}.Debug|Any CPU.ActiveCfg = Debug|Any CPU
		{E8B06432-D46F-4895-9C6D-390F31BF4B26}.Debug|Any CPU.Build.0 = Debug|Any CPU
		{E8B06432-D46F-4895-9C6D-390F31BF4B26}.Release|Any CPU.ActiveCfg = Release|Any CPU
		{E8B06432-D46F-4895-9C6D-390F31BF4B26}.Release|Any CPU.Build.0 = Release|Any CPU
	EndGlobalSection
	GlobalSection(SolutionProperties) = preSolution
		HideSolutionNode = FALSE
	EndGlobalSection
	GlobalSection(ExtensibilityGlobals) = postSolution
		SolutionGuid = {25F43CF0-88AF-44DA-ADB5-1701DA091ADF}
	EndGlobalSection
EndGlobal
